
Microsoft Visual Studio Solution File, Format Version 12.00
# Visual Studio Version 17
VisualStudioVersion = 17.14.36301.6 d17.14
MinimumVisualStudioVersion = 10.0.40219.1
Project("{FAE04EC0-301F-11D3-BF4B-00C04F79EFBC}") = "Maze Game", "Maze Game\Maze Game.csproj", "{AEEE936D-DE63-422A-BFC8-0A413ADD7B36}"
EndProject
Global
	GlobalSection(SolutionConfigurationPlatforms) = preSolution
		Debug|Any CPU = Debug|Any CPU
		Release|Any CPU = Release|Any CPU
	EndGlobalSection
	GlobalSection(ProjectConfigurationPlatforms) = postSolution
		{AEEE936D-DE63-422A-BFC8-0A413ADD7B36}.Debug|Any CPU.ActiveCfg = Debug|Any CPU
		{AEEE936D-DE63-422A-BFC8-0A413ADD7B36}.Debug|Any CPU.Build.0 = Debug|Any CPU
		{AEEE936D-DE63-422A-BFC8-0A413ADD7B36}.Release|Any CPU.ActiveCfg = Release|Any CPU
		{AEEE936D-DE63-422A-BFC8-0A413ADD7B36}.Release|Any CPU.Build.0 = Release|Any CPU
	EndGlobalSection
	GlobalSection(SolutionProperties) = preSolution
		HideSolutionNode = FALSE
	EndGlobalSection
	GlobalSection(ExtensibilityGlobals) = postSolution
		SolutionGuid = {0EF95978-EEF5-433C-BB18-D935F5FCB6B4}
	EndGlobalSection
EndGlobal
