
Microsoft Visual Studio Solution File, Format Version 12.00
# Visual Studio Version 17
VisualStudioVersion = 17.14.36301.6
MinimumVisualStudioVersion = 10.0.40219.1
Project("{FAE04EC0-301F-11D3-BF4B-00C04F79EFBC}") = "Library management system1", "Library management system1\Library management system1.csproj", "{217FB635-4DF7-4774-AB96-C1ECCD8B2530}"
EndProject
Global
	GlobalSection(SolutionConfigurationPlatforms) = preSolution
		Debug|Any CPU = Debug|Any CPU
		Release|Any CPU = Release|Any CPU
	EndGlobalSection
	GlobalSection(ProjectConfigurationPlatforms) = postSolution
		{217FB635-4DF7-4774-AB96-C1ECCD8B2530}.Debug|Any CPU.ActiveCfg = Debug|Any CPU
		{217FB635-4DF7-4774-AB96-C1ECCD8B2530}.Debug|Any CPU.Build.0 = Debug|Any CPU
		{217FB635-4DF7-4774-AB96-C1ECCD8B2530}.Release|Any CPU.ActiveCfg = Release|Any CPU
		{217FB635-4DF7-4774-AB96-C1ECCD8B2530}.Release|Any CPU.Build.0 = Release|Any CPU
	EndGlobalSection
	GlobalSection(SolutionProperties) = preSolution
		HideSolutionNode = FALSE
	EndGlobalSection
	GlobalSection(ExtensibilityGlobals) = postSolution
		SolutionGuid = {A3A4203C-C3D1-4342-BAD1-68C049FF5F8B}
	EndGlobalSection
EndGlobal
